
Microsoft Visual Studio Solution File, Format Version 12.00
# Visual Studio Version 16
VisualStudioVersion = 16.0.30717.126
MinimumVisualStudioVersion = 10.0.40219.1
Project("{FAE04EC0-301F-11D3-BF4B-00C04F79EFBC}") = "PopDink2.Android", "PopDink2.Android\PopDink2.Android.csproj", "{94E64F03-2689-467B-A0DE-76D07BCB8FD5}"
EndProject
Project("{FAE04EC0-301F-11D3-BF4B-00C04F79EFBC}") = "PopDink2.iOS", "PopDink2.iOS\PopDink2.iOS.csproj", "{146F6F2A-BFDA-4484-A03F-80CCC3CAB58E}"
EndProject
Project("{FAE04EC0-301F-11D3-BF4B-00C04F79EFBC}") = "PopDink2", "PopDink2\PopDink2.csproj", "{110DDD18-D957-4A19-BF2D-792AC7AE3564}"
EndProject
Global
	GlobalSection(SolutionConfigurationPlatforms) = preSolution
		Debug|Any CPU = Debug|Any CPU
		Debug|iPhone = Debug|iPhone
		Debug|iPhoneSimulator = Debug|iPhoneSimulator
		Release|Any CPU = Release|Any CPU
		Release|iPhone = Release|iPhone
		Release|iPhoneSimulator = Release|iPhoneSimulator
	EndGlobalSection
	GlobalSection(ProjectConfigurationPlatforms) = postSolution
		{94E64F03-2689-467B-A0DE-76D07BCB8FD5}.Debug|Any CPU.ActiveCfg = Debug|Any CPU
		{94E64F03-2689-467B-A0DE-76D07BCB8FD5}.Debug|Any CPU.Build.0 = Debug|Any CPU
		{94E64F03-2689-467B-A0DE-76D07BCB8FD5}.Debug|Any CPU.Deploy.0 = Debug|Any CPU
		{94E64F03-2689-467B-A0DE-76D07BCB8FD5}.Debug|iPhone.ActiveCfg = Debug|Any CPU
		{94E64F03-2689-467B-A0DE-76D07BCB8FD5}.Debug|iPhone.Build.0 = Debug|Any CPU
		{94E64F03-2689-467B-A0DE-76D07BCB8FD5}.Debug|iPhone.Deploy.0 = Debug|Any CPU
		{94E64F03-2689-467B-A0DE-76D07BCB8FD5}.Debug|iPhoneSimulator.ActiveCfg = Debug|Any CPU
		{94E64F03-2689-467B-A0DE-76D07BCB8FD5}.Debug|iPhoneSimulator.Build.0 = Debug|Any CPU
		{94E64F03-2689-467B-A0DE-76D07BCB8FD5}.Debug|iPhoneSimulator.Deploy.0 = Debug|Any CPU
		{94E64F03-2689-467B-A0DE-76D07BCB8FD5}.Release|Any CPU.ActiveCfg = Release|Any CPU
		{94E64F03-2689-467B-A0DE-76D07BCB8FD5}.Release|Any CPU.Build.0 = Release|Any CPU
		{94E64F03-2689-467B-A0DE-76D07BCB8FD5}.Release|Any CPU.Deploy.0 = Release|Any CPU
		{94E64F03-2689-467B-A0DE-76D07BCB8FD5}.Release|iPhone.ActiveCfg = Release|Any CPU
		{94E64F03-2689-467B-A0DE-76D07BCB8FD5}.Release|iPhone.Build.0 = Release|Any CPU
		{94E64F03-2689-467B-A0DE-76D07BCB8FD5}.Release|iPhone.Deploy.0 = Release|Any CPU
		{94E64F03-2689-467B-A0DE-76D07BCB8FD5}.Release|iPhoneSimulator.ActiveCfg = Release|Any CPU
		{94E64F03-2689-467B-A0DE-76D07BCB8FD5}.Release|iPhoneSimulator.Build.0 = Release|Any CPU
		{94E64F03-2689-467B-A0DE-76D07BCB8FD5}.Release|iPhoneSimulator.Deploy.0 = Release|Any CPU
		{146F6F2A-BFDA-4484-A03F-80CCC3CAB58E}.Debug|Any CPU.ActiveCfg = Debug|iPhone
		{146F6F2A-BFDA-4484-A03F-80CCC3CAB58E}.Debug|Any CPU.Build.0 = Debug|iPhone
		{146F6F2A-BFDA-4484-A03F-80CCC3CAB58E}.Debug|Any CPU.Deploy.0 = Debug|iPhone
		{146F6F2A-BFDA-4484-A03F-80CCC3CAB58E}.Debug|iPhone.ActiveCfg = Debug|iPhone
		{146F6F2A-BFDA-4484-A03F-80CCC3CAB58E}.Debug|iPhone.Build.0 = Debug|iPhone
		{146F6F2A-BFDA-4484-A03F-80CCC3CAB58E}.Debug|iPhone.Deploy.0 = Debug|iPhone
		{146F6F2A-BFDA-4484-A03F-80CCC3CAB58E}.Debug|iPhoneSimulator.ActiveCfg = Debug|iPhoneSimulator
		{146F6F2A-BFDA-4484-A03F-80CCC3CAB58E}.Debug|iPhoneSimulator.Build.0 = Debug|iPhoneSimulator
		{146F6F2A-BFDA-4484-A03F-80CCC3CAB58E}.Debug|iPhoneSimulator.Deploy.0 = Debug|iPhoneSimulator
		{146F6F2A-BFDA-4484-A03F-80CCC3CAB58E}.Release|Any CPU.ActiveCfg = Release|iPhoneSimulator
		{146F6F2A-BFDA-4484-A03F-80CCC3CAB58E}.Release|Any CPU.Build.0 = Release|iPhoneSimulator
		{146F6F2A-BFDA-4484-A03F-80CCC3CAB58E}.Release|Any CPU.Deploy.0 = Release|iPhoneSimulator
		{146F6F2A-BFDA-4484-A03F-80CCC3CAB58E}.Release|iPhone.ActiveCfg = Release|iPhone
		{146F6F2A-BFDA-4484-A03F-80CCC3CAB58E}.Release|iPhone.Build.0 = Release|iPhone
		{146F6F2A-BFDA-4484-A03F-80CCC3CAB58E}.Release|iPhone.Deploy.0 = Release|iPhone
		{146F6F2A-BFDA-4484-A03F-80CCC3CAB58E}.Release|iPhoneSimulator.ActiveCfg = Release|iPhoneSimulator
		{146F6F2A-BFDA-4484-A03F-80CCC3CAB58E}.Release|iPhoneSimulator.Build.0 = Release|iPhoneSimulator
		{146F6F2A-BFDA-4484-A03F-80CCC3CAB58E}.Release|iPhoneSimulator.Deploy.0 = Release|iPhoneSimulator
		{110DDD18-D957-4A19-BF2D-792AC7AE3564}.Debug|Any CPU.ActiveCfg = Debug|Any CPU
		{110DDD18-D957-4A19-BF2D-792AC7AE3564}.Debug|Any CPU.Build.0 = Debug|Any CPU
		{110DDD18-D957-4A19-BF2D-792AC7AE3564}.Debug|Any CPU.Deploy.0 = Debug|Any CPU
		{110DDD18-D957-4A19-BF2D-792AC7AE3564}.Debug|iPhone.ActiveCfg = Debug|Any CPU
		{110DDD18-D957-4A19-BF2D-792AC7AE3564}.Debug|iPhone.Build.0 = Debug|Any CPU
		{110DDD18-D957-4A19-BF2D-792AC7AE3564}.Debug|iPhone.Deploy.0 = Debug|Any CPU
		{110DDD18-D957-4A19-BF2D-792AC7AE3564}.Debug|iPhoneSimulator.ActiveCfg = Debug|Any CPU
		{110DDD18-D957-4A19-BF2D-792AC7AE3564}.Debug|iPhoneSimulator.Build.0 = Debug|Any CPU
		{110DDD18-D957-4A19-BF2D-792AC7AE3564}.Debug|iPhoneSimulator.Deploy.0 = Debug|Any CPU
		{110DDD18-D957-4A19-BF2D-792AC7AE3564}.Release|Any CPU.ActiveCfg = Release|Any CPU
		{110DDD18-D957-4A19-BF2D-792AC7AE3564}.Release|Any CPU.Build.0 = Release|Any CPU
		{110DDD18-D957-4A19-BF2D-792AC7AE3564}.Release|Any CPU.Deploy.0 = Release|Any CPU
		{110DDD18-D957-4A19-BF2D-792AC7AE3564}.Release|iPhone.ActiveCfg = Release|Any CPU
		{110DDD18-D957-4A19-BF2D-792AC7AE3564}.Release|iPhone.Build.0 = Release|Any CPU
		{110DDD18-D957-4A19-BF2D-792AC7AE3564}.Release|iPhone.Deploy.0 = Release|Any CPU
		{110DDD18-D957-4A19-BF2D-792AC7AE3564}.Release|iPhoneSimulator.ActiveCfg = Release|Any CPU
		{110DDD18-D957-4A19-BF2D-792AC7AE3564}.Release|iPhoneSimulator.Build.0 = Release|Any CPU
		{110DDD18-D957-4A19-BF2D-792AC7AE3564}.Release|iPhoneSimulator.Deploy.0 = Release|Any CPU
	EndGlobalSection
	GlobalSection(SolutionProperties) = preSolution
		HideSolutionNode = FALSE
	EndGlobalSection
	GlobalSection(ExtensibilityGlobals) = postSolution
		SolutionGuid = {B81FF4B4-8CA8-45A9-9027-E8CFDBFBC43C}
	EndGlobalSection
EndGlobal
